PODS:
  - Alamofire (5.2.0)
  - SpotifyLogin (0.1.6)

DEPENDENCIES:
  - Alamofire
  - SpotifyLogin

SPEC REPOS:
  trunk:
    - Alamofire
    - SpotifyLogin

SPEC CHECKSUMS:
  Alamofire: c1ca147559e730bfb2182c8c7aafbdd90a867987
  SpotifyLogin: 9cdf82ff13e5f37e5ddc7fd07cf9793a9ebd1124

PODFILE CHECKSUM: 990b13d8900f8a7ffca55502fbd963159b0c1422

COCOAPODS: 1.9.1
