PODS:
  - Alamofire (5.2.0)
  - SpotifyLogin (0.1.6)

DEPENDENCIES:
  - Alamofire
  - SpotifyLogin

SPEC REPOS:
  trunk:
    - Alamofire
    - SpotifyLogin

SPEC CHECKSUMS:
  Alamofire: c1ca147559e730bfb2182c8c7aafbdd90a867987
  SpotifyLogin: 9cdf82ff13e5f37e5ddc7fd07cf9793a9ebd1124

PODFILE CHECKSUM: e2853e83529af7a242c43e0402651fcaf765134e

COCOAPODS: 1.9.1
