// !$*UTF8*$!
{
	archiveVersion = 1;
	classes = {
	};
	objectVersion = 52;
	objects = {

/* Begin PBXBuildFile section */
		B30B2E5324748E3D00C6088F /* EasifyNetworkTests.swift in Sources */ = {isa = PBXBuildFile; fileRef = B30B2E5224748E3D00C6088F /* EasifyNetworkTests.swift */; };
		B3C4343E2474412100EC67C3 /* EasifyNetwork.framework in Frameworks */ = {isa = PBXBuildFile; fileRef = B3C434342474412100EC67C3 /* EasifyNetwork.framework */; };
		B3C4345B2474426F00EC67C3 /* EasifyNetwork.h in Headers */ = {isa = PBXBuildFile; fileRef = B3C434592474426F00EC67C3 /* EasifyNetwork.h */; settings = {ATTRIBUTES = (Public, ); }; };
		B3C434672474489700EC67C3 /* HTTPMethod.swift in Sources */ = {isa = PBXBuildFile; fileRef = B3C434662474489700EC67C3 /* HTTPMethod.swift */; };
		B3C43469247448C200EC67C3 /* BaseURL.swift in Sources */ = {isa = PBXBuildFile; fileRef = B3C43468247448C200EC67C3 /* BaseURL.swift */; };
		B3C4346F2474498200EC67C3 /* Endpoint.swift in Sources */ = {isa = PBXBuildFile; fileRef = B3C4346A2474498200EC67C3 /* Endpoint.swift */; };
		B3C434702474498200EC67C3 /* NetworkingError.swift in Sources */ = {isa = PBXBuildFile; fileRef = B3C4346B2474498200EC67C3 /* NetworkingError.swift */; };
		B3C434712474498200EC67C3 /* API.swift in Sources */ = {isa = PBXBuildFile; fileRef = B3C4346C2474498200EC67C3 /* API.swift */; };
		B3C434732474498200EC67C3 /* Response.swift in Sources */ = {isa = PBXBuildFile; fileRef = B3C4346E2474498200EC67C3 /* Response.swift */; };
		B3C43475247449E900EC67C3 /* EasifyNetworkManager.swift in Sources */ = {isa = PBXBuildFile; fileRef = B3C43474247449E900EC67C3 /* EasifyNetworkManager.swift */; };
		B3D4D8062476E97600A7D906 /* Alamofire in Frameworks */ = {isa = PBXBuildFile; productRef = B3D4D8052476E97600A7D906 /* Alamofire */; settings = {ATTRIBUTES = (Required, ); }; };
/* End PBXBuildFile section */

/* Begin PBXContainerItemProxy section */
		B3C4343F2474412100EC67C3 /* PBXContainerItemProxy */ = {
			isa = PBXContainerItemProxy;
			containerPortal = B3C4342B2474412100EC67C3 /* Project object */;
			proxyType = 1;
			remoteGlobalIDString = B3C434332474412100EC67C3;
			remoteInfo = EasifyNetwork;
		};
/* End PBXContainerItemProxy section */

/* Begin PBXFileReference section */
		B30B2E5224748E3D00C6088F /* EasifyNetworkTests.swift */ = {isa = PBXFileReference; lastKnownFileType = sourcecode.swift; path = EasifyNetworkTests.swift; sourceTree = "<group>"; };
		B3C434342474412100EC67C3 /* EasifyNetwork.framework */ = {isa = PBXFileReference; explicitFileType = wrapper.framework; includeInIndex = 0; path = EasifyNetwork.framework; sourceTree = BUILT_PRODUCTS_DIR; };
		B3C4343D2474412100EC67C3 /* EasifyNetworkTests.xctest */ = {isa = PBXFileReference; explicitFileType = wrapper.cfbundle; includeInIndex = 0; path = EasifyNetworkTests.xctest; sourceTree = BUILT_PRODUCTS_DIR; };
		B3C43451247441BF00EC67C3 /* Info.plist */ = {isa = PBXFileReference; lastKnownFileType = text.plist; name = Info.plist; path = "EasifyNetworkTests/Supporting Files/Info.plist"; sourceTree = SOURCE_ROOT; };
		B3C434592474426F00EC67C3 /* EasifyNetwork.h */ = {isa = PBXFileReference; fileEncoding = 4; lastKnownFileType = sourcecode.c.h; path = EasifyNetwork.h; sourceTree = "<group>"; };
		B3C4345A2474426F00EC67C3 /* Info.plist */ = {isa = PBXFileReference; fileEncoding = 4; lastKnownFileType = text.plist.xml; path = Info.plist; sourceTree = "<group>"; };
		B3C434662474489700EC67C3 /* HTTPMethod.swift */ = {isa = PBXFileReference; lastKnownFileType = sourcecode.swift; path = HTTPMethod.swift; sourceTree = "<group>"; };
		B3C43468247448C200EC67C3 /* BaseURL.swift */ = {isa = PBXFileReference; lastKnownFileType = sourcecode.swift; path = BaseURL.swift; sourceTree = "<group>"; };
		B3C4346A2474498200EC67C3 /* Endpoint.swift */ = {isa = PBXFileReference; fileEncoding = 4; lastKnownFileType = sourcecode.swift; path = Endpoint.swift; sourceTree = "<group>"; };
		B3C4346B2474498200EC67C3 /* NetworkingError.swift */ = {isa = PBXFileReference; fileEncoding = 4; lastKnownFileType = sourcecode.swift; path = NetworkingError.swift; sourceTree = "<group>"; };
		B3C4346C2474498200EC67C3 /* API.swift */ = {isa = PBXFileReference; fileEncoding = 4; lastKnownFileType = sourcecode.swift; path = API.swift; sourceTree = "<group>"; };
		B3C4346E2474498200EC67C3 /* Response.swift */ = {isa = PBXFileReference; fileEncoding = 4; lastKnownFileType = sourcecode.swift; path = Response.swift; sourceTree = "<group>"; };
		B3C43474247449E900EC67C3 /* EasifyNetworkManager.swift */ = {isa = PBXFileReference; lastKnownFileType = sourcecode.swift; path = EasifyNetworkManager.swift; sourceTree = "<group>"; };
/* End PBXFileReference section */

/* Begin PBXFrameworksBuildPhase section */
		B3C434312474412100EC67C3 /* Frameworks */ = {
			isa = PBXFrameworksBuildPhase;
			buildActionMask = 2147483647;
			files = (
				B3D4D8062476E97600A7D906 /* Alamofire in Frameworks */,
			);
			runOnlyForDeploymentPostprocessing = 0;
		};
		B3C4343A2474412100EC67C3 /* Frameworks */ = {
			isa = PBXFrameworksBuildPhase;
			buildActionMask = 2147483647;
			files = (
				B3C4343E2474412100EC67C3 /* EasifyNetwork.framework in Frameworks */,
			);
			runOnlyForDeploymentPostprocessing = 0;
		};
/* End PBXFrameworksBuildPhase section */

/* Begin PBXGroup section */
		4118753A7BF6AD60D33CC7E6 /* Frameworks */ = {
			isa = PBXGroup;
			children = (
			);
			name = Frameworks;
			sourceTree = "<group>";
		};
		B3C4342A2474412100EC67C3 = {
			isa = PBXGroup;
			children = (
				B3C434572474426F00EC67C3 /* EasifyNetwork */,
				B3C434412474412100EC67C3 /* EasifyNetworkTests */,
				B3C434352474412100EC67C3 /* Products */,
				4118753A7BF6AD60D33CC7E6 /* Frameworks */,
			);
			sourceTree = "<group>";
		};
		B3C434352474412100EC67C3 /* Products */ = {
			isa = PBXGroup;
			children = (
				B3C434342474412100EC67C3 /* EasifyNetwork.framework */,
				B3C4343D2474412100EC67C3 /* EasifyNetworkTests.xctest */,
			);
			name = Products;
			sourceTree = "<group>";
		};
		B3C434412474412100EC67C3 /* EasifyNetworkTests */ = {
			isa = PBXGroup;
			children = (
				B3C43450247441AA00EC67C3 /* Supporting Files */,
				B30B2E5224748E3D00C6088F /* EasifyNetworkTests.swift */,
			);
			path = EasifyNetworkTests;
			sourceTree = "<group>";
		};
		B3C43450247441AA00EC67C3 /* Supporting Files */ = {
			isa = PBXGroup;
			children = (
				B3C43451247441BF00EC67C3 /* Info.plist */,
			);
			path = "Supporting Files";
			sourceTree = "<group>";
		};
		B3C434572474426F00EC67C3 /* EasifyNetwork */ = {
			isa = PBXGroup;
			children = (
				B3C434642474487300EC67C3 /* Core */,
				B3C434582474426F00EC67C3 /* Supporting Files */,
			);
			path = EasifyNetwork;
			sourceTree = "<group>";
		};
		B3C434582474426F00EC67C3 /* Supporting Files */ = {
			isa = PBXGroup;
			children = (
				B3C434592474426F00EC67C3 /* EasifyNetwork.h */,
				B3C4345A2474426F00EC67C3 /* Info.plist */,
			);
			path = "Supporting Files";
			sourceTree = "<group>";
		};
		B3C434642474487300EC67C3 /* Core */ = {
			isa = PBXGroup;
			children = (
				B3C43474247449E900EC67C3 /* EasifyNetworkManager.swift */,
				B3C434652474488A00EC67C3 /* Models */,
			);
			path = Core;
			sourceTree = "<group>";
		};
		B3C434652474488A00EC67C3 /* Models */ = {
			isa = PBXGroup;
			children = (
				B3C4346C2474498200EC67C3 /* API.swift */,
				B3C43468247448C200EC67C3 /* BaseURL.swift */,
				B3C4346A2474498200EC67C3 /* Endpoint.swift */,
				B3C434662474489700EC67C3 /* HTTPMethod.swift */,
				B3C4346B2474498200EC67C3 /* NetworkingError.swift */,
				B3C4346E2474498200EC67C3 /* Response.swift */,
			);
			path = Models;
			sourceTree = "<group>";
		};
/* End PBXGroup section */

/* Begin PBXHeadersBuildPhase section */
		B3C4342F2474412100EC67C3 /* Headers */ = {
			isa = PBXHeadersBuildPhase;
			buildActionMask = 2147483647;
			files = (
				B3C4345B2474426F00EC67C3 /* EasifyNetwork.h in Headers */,
			);
			runOnlyForDeploymentPostprocessing = 0;
		};
/* End PBXHeadersBuildPhase section */

/* Begin PBXNativeTarget section */
		B3C434332474412100EC67C3 /* EasifyNetwork */ = {
			isa = PBXNativeTarget;
			buildConfigurationList = B3C434482474412100EC67C3 /* Build configuration list for PBXNativeTarget "EasifyNetwork" */;
			buildPhases = (
				B3C4342F2474412100EC67C3 /* Headers */,
				B3C434302474412100EC67C3 /* Sources */,
				B3C434312474412100EC67C3 /* Frameworks */,
				B3C434322474412100EC67C3 /* Resources */,
				B30FDEEE2483445D00994A01 /* SwiftLint Autocorrect */,
				B37EE6212476F98300955C31 /* SwiftLint */,
			);
			buildRules = (
			);
			dependencies = (
			);
			name = EasifyNetwork;
			packageProductDependencies = (
				B3D4D8052476E97600A7D906 /* Alamofire */,
			);
			productName = EasifyNetwork;
			productReference = B3C434342474412100EC67C3 /* EasifyNetwork.framework */;
			productType = "com.apple.product-type.framework";
		};
		B3C4343C2474412100EC67C3 /* EasifyNetworkTests */ = {
			isa = PBXNativeTarget;
			buildConfigurationList = B3C4344B2474412100EC67C3 /* Build configuration list for PBXNativeTarget "EasifyNetworkTests" */;
			buildPhases = (
				B3C434392474412100EC67C3 /* Sources */,
				B3C4343A2474412100EC67C3 /* Frameworks */,
				B3C4343B2474412100EC67C3 /* Resources */,
				B30FDEEF2483446B00994A01 /* SwiftLint Autocorrect */,
				B37EE6222476F98F00955C31 /* SwiftLint */,
			);
			buildRules = (
			);
			dependencies = (
				B3C434402474412100EC67C3 /* PBXTargetDependency */,
			);
			name = EasifyNetworkTests;
			productName = EasifyNetworkTests;
			productReference = B3C4343D2474412100EC67C3 /* EasifyNetworkTests.xctest */;
			productType = "com.apple.product-type.bundle.unit-test";
		};
/* End PBXNativeTarget section */

/* Begin PBXProject section */
		B3C4342B2474412100EC67C3 /* Project object */ = {
			isa = PBXProject;
			attributes = {
				LastSwiftUpdateCheck = 1140;
				LastUpgradeCheck = 1140;
				ORGANIZATIONNAME = "Muhammed Said Özcan";
				TargetAttributes = {
					B3C434332474412100EC67C3 = {
						CreatedOnToolsVersion = 11.4.1;
						LastSwiftMigration = 1140;
					};
					B3C4343C2474412100EC67C3 = {
						CreatedOnToolsVersion = 11.4.1;
						LastSwiftMigration = 1140;
					};
				};
			};
			buildConfigurationList = B3C4342E2474412100EC67C3 /* Build configuration list for PBXProject "EasifyNetwork" */;
			compatibilityVersion = "Xcode 9.3";
			developmentRegion = en;
			hasScannedForEncodings = 0;
			knownRegions = (
				en,
				Base,
			);
			mainGroup = B3C4342A2474412100EC67C3;
			packageReferences = (
				B3D4D7762476DAF400A7D906 /* XCRemoteSwiftPackageReference "Alamofire" */,
			);
			productRefGroup = B3C434352474412100EC67C3 /* Products */;
			projectDirPath = "";
			projectRoot = "";
			targets = (
				B3C434332474412100EC67C3 /* EasifyNetwork */,
				B3C4343C2474412100EC67C3 /* EasifyNetworkTests */,
			);
		};
/* End PBXProject section */

/* Begin PBXResourcesBuildPhase section */
		B3C434322474412100EC67C3 /* Resources */ = {
			isa = PBXResourcesBuildPhase;
			buildActionMask = 2147483647;
			files = (
			);
			runOnlyForDeploymentPostprocessing = 0;
		};
		B3C4343B2474412100EC67C3 /* Resources */ = {
			isa = PBXResourcesBuildPhase;
			buildActionMask = 2147483647;
			files = (
			);
			runOnlyForDeploymentPostprocessing = 0;
		};
/* End PBXResourcesBuildPhase section */

/* Begin PBXShellScriptBuildPhase section */
		B30FDEEE2483445D00994A01 /* SwiftLint Autocorrect */ = {
			isa = PBXShellScriptBuildPhase;
			buildActionMask = 2147483647;
			files = (
			);
			inputFileListPaths = (
			);
			inputPaths = (
			);
			name = "SwiftLint Autocorrect";
			outputFileListPaths = (
			);
			outputPaths = (
			);
			runOnlyForDeploymentPostprocessing = 0;
			shellPath = /bin/sh;
			shellScript = "if which swiftlint >/dev/null; then\n  swiftlint autocorrect\nelse\n  echo \"warning: SwiftLint not installed, download from https://github.com/realm/SwiftLint\"\nfi\n";
		};
		B30FDEEF2483446B00994A01 /* SwiftLint Autocorrect */ = {
			isa = PBXShellScriptBuildPhase;
			buildActionMask = 2147483647;
			files = (
			);
			inputFileListPaths = (
			);
			inputPaths = (
			);
			name = "SwiftLint Autocorrect";
			outputFileListPaths = (
			);
			outputPaths = (
			);
			runOnlyForDeploymentPostprocessing = 0;
			shellPath = /bin/sh;
			shellScript = "if which swiftlint >/dev/null; then\n  swiftlint autocorrect\nelse\n  echo \"warning: SwiftLint not installed, download from https://github.com/realm/SwiftLint\"\nfi\n";
		};
		B37EE6212476F98300955C31 /* SwiftLint */ = {
			isa = PBXShellScriptBuildPhase;
			buildActionMask = 2147483647;
			files = (
			);
			inputFileListPaths = (
			);
			inputPaths = (
			);
			name = SwiftLint;
			outputFileListPaths = (
			);
			outputPaths = (
			);
			runOnlyForDeploymentPostprocessing = 0;
			shellPath = /bin/sh;
			shellScript = "if which swiftlint >/dev/null; then\n  swiftlint --config \"$SRCROOT/../../../.swiftlint.yml\"\nelse\n  echo \"warning: SwiftLint not installed, download from https://github.com/realm/SwiftLint\"\nfi\n";
		};
		B37EE6222476F98F00955C31 /* SwiftLint */ = {
			isa = PBXShellScriptBuildPhase;
			buildActionMask = 2147483647;
			files = (
			);
			inputFileListPaths = (
			);
			inputPaths = (
			);
			name = SwiftLint;
			outputFileListPaths = (
			);
			outputPaths = (
			);
			runOnlyForDeploymentPostprocessing = 0;
			shellPath = /bin/sh;
			shellScript = "if which swiftlint >/dev/null; then\n  swiftlint --config \"$SRCROOT/../../../.swiftlint.yml\"\nelse\n  echo \"warning: SwiftLint not installed, download from https://github.com/realm/SwiftLint\"\nfi\n";
		};
/* End PBXShellScriptBuildPhase section */

/* Begin PBXSourcesBuildPhase section */
		B3C434302474412100EC67C3 /* Sources */ = {
			isa = PBXSourcesBuildPhase;
			buildActionMask = 2147483647;
			files = (
				B3C43475247449E900EC67C3 /* EasifyNetworkManager.swift in Sources */,
				B3C43469247448C200EC67C3 /* BaseURL.swift in Sources */,
				B3C4346F2474498200EC67C3 /* Endpoint.swift in Sources */,
				B3C434702474498200EC67C3 /* NetworkingError.swift in Sources */,
				B3C434672474489700EC67C3 /* HTTPMethod.swift in Sources */,
				B3C434712474498200EC67C3 /* API.swift in Sources */,
				B3C434732474498200EC67C3 /* Response.swift in Sources */,
			);
			runOnlyForDeploymentPostprocessing = 0;
		};
		B3C434392474412100EC67C3 /* Sources */ = {
			isa = PBXSourcesBuildPhase;
			buildActionMask = 2147483647;
			files = (
				B30B2E5324748E3D00C6088F /* EasifyNetworkTests.swift in Sources */,
			);
			runOnlyForDeploymentPostprocessing = 0;
		};
/* End PBXSourcesBuildPhase section */

/* Begin PBXTargetDependency section */
		B3C434402474412100EC67C3 /* PBXTargetDependency */ = {
			isa = PBXTargetDependency;
			target = B3C434332474412100EC67C3 /* EasifyNetwork */;
			targetProxy = B3C4343F2474412100EC67C3 /* PBXContainerItemProxy */;
		};
/* End PBXTargetDependency section */

/* Begin XCBuildConfiguration section */
		B3C434462474412100EC67C3 /* Debug */ = {
			isa = XCBuildConfiguration;
			buildSettings = {
				ALWAYS_SEARCH_USER_PATHS = NO;
				CLANG_ANALYZER_NONNULL = YES;
				CLANG_ANALYZER_NUMBER_OBJECT_CONVERSION = YES_AGGRESSIVE;
				CLANG_CXX_LANGUAGE_STANDARD = "gnu++14";
				CLANG_CXX_LIBRARY = "libc++";
				CLANG_ENABLE_MODULES = YES;
				CLANG_ENABLE_OBJC_ARC = YES;
				CLANG_ENABLE_OBJC_WEAK = YES;
				CLANG_WARN_BLOCK_CAPTURE_AUTORELEASING = YES;
				CLANG_WARN_BOOL_CONVERSION = YES;
				CLANG_WARN_COMMA = YES;
				CLANG_WARN_CONSTANT_CONVERSION = YES;
				CLANG_WARN_DEPRECATED_OBJC_IMPLEMENTATIONS = YES;
				CLANG_WARN_DIRECT_OBJC_ISA_USAGE = YES_ERROR;
				CLANG_WARN_DOCUMENTATION_COMMENTS = YES;
				CLANG_WARN_EMPTY_BODY = YES;
				CLANG_WARN_ENUM_CONVERSION = YES;
				CLANG_WARN_INFINITE_RECURSION = YES;
				CLANG_WARN_INT_CONVERSION = YES;
				CLANG_WARN_NON_LITERAL_NULL_CONVERSION = YES;
				CLANG_WARN_OBJC_IMPLICIT_RETAIN_SELF = YES;
				CLANG_WARN_OBJC_LITERAL_CONVERSION = YES;
				CLANG_WARN_OBJC_ROOT_CLASS = YES_ERROR;
				CLANG_WARN_RANGE_LOOP_ANALYSIS = YES;
				CLANG_WARN_STRICT_PROTOTYPES = YES;
				CLANG_WARN_SUSPICIOUS_MOVE = YES;
				CLANG_WARN_UNGUARDED_AVAILABILITY = YES_AGGRESSIVE;
				CLANG_WARN_UNREACHABLE_CODE = YES;
				CLANG_WARN__DUPLICATE_METHOD_MATCH = YES;
				COPY_PHASE_STRIP = NO;
				CURRENT_PROJECT_VERSION = 1;
				DEBUG_INFORMATION_FORMAT = dwarf;
				ENABLE_STRICT_OBJC_MSGSEND = YES;
				ENABLE_TESTABILITY = YES;
				GCC_C_LANGUAGE_STANDARD = gnu11;
				GCC_DYNAMIC_NO_PIC = NO;
				GCC_NO_COMMON_BLOCKS = YES;
				GCC_OPTIMIZATION_LEVEL = 0;
				GCC_PREPROCESSOR_DEFINITIONS = (
					"DEBUG=1",
					"$(inherited)",
				);
				GCC_WARN_64_TO_32_BIT_CONVERSION = YES;
				GCC_WARN_ABOUT_RETURN_TYPE = YES_ERROR;
				GCC_WARN_UNDECLARED_SELECTOR = YES;
				GCC_WARN_UNINITIALIZED_AUTOS = YES_AGGRESSIVE;
				GCC_WARN_UNUSED_FUNCTION = YES;
				GCC_WARN_UNUSED_VARIABLE = YES;
				IPHONEOS_DEPLOYMENT_TARGET = 13.0;
				MTL_ENABLE_DEBUG_INFO = INCLUDE_SOURCE;
				MTL_FAST_MATH = YES;
				ONLY_ACTIVE_ARCH = YES;
				SDKROOT = iphoneos;
				SWIFT_ACTIVE_COMPILATION_CONDITIONS = DEBUG;
				SWIFT_OPTIMIZATION_LEVEL = "-Onone";
				USE_HEADERMAP = YES;
				VERSIONING_SYSTEM = "apple-generic";
				VERSION_INFO_PREFIX = "";
			};
			name = Debug;
		};
		B3C434472474412100EC67C3 /* Release */ = {
			isa = XCBuildConfiguration;
			buildSettings = {
				ALWAYS_SEARCH_USER_PATHS = NO;
				CLANG_ANALYZER_NONNULL = YES;
				CLANG_ANALYZER_NUMBER_OBJECT_CONVERSION = YES_AGGRESSIVE;
				CLANG_CXX_LANGUAGE_STANDARD = "gnu++14";
				CLANG_CXX_LIBRARY = "libc++";
				CLANG_ENABLE_MODULES = YES;
				CLANG_ENABLE_OBJC_ARC = YES;
				CLANG_ENABLE_OBJC_WEAK = YES;
				CLANG_WARN_BLOCK_CAPTURE_AUTORELEASING = YES;
				CLANG_WARN_BOOL_CONVERSION = YES;
				CLANG_WARN_COMMA = YES;
				CLANG_WARN_CONSTANT_CONVERSION = YES;
				CLANG_WARN_DEPRECATED_OBJC_IMPLEMENTATIONS = YES;
				CLANG_WARN_DIRECT_OBJC_ISA_USAGE = YES_ERROR;
				CLANG_WARN_DOCUMENTATION_COMMENTS = YES;
				CLANG_WARN_EMPTY_BODY = YES;
				CLANG_WARN_ENUM_CONVERSION = YES;
				CLANG_WARN_INFINITE_RECURSION = YES;
				CLANG_WARN_INT_CONVERSION = YES;
				CLANG_WARN_NON_LITERAL_NULL_CONVERSION = YES;
				CLANG_WARN_OBJC_IMPLICIT_RETAIN_SELF = YES;
				CLANG_WARN_OBJC_LITERAL_CONVERSION = YES;
				CLANG_WARN_OBJC_ROOT_CLASS = YES_ERROR;
				CLANG_WARN_RANGE_LOOP_ANALYSIS = YES;
				CLANG_WARN_STRICT_PROTOTYPES = YES;
				CLANG_WARN_SUSPICIOUS_MOVE = YES;
				CLANG_WARN_UNGUARDED_AVAILABILITY = YES_AGGRESSIVE;
				CLANG_WARN_UNREACHABLE_CODE = YES;
				CLANG_WARN__DUPLICATE_METHOD_MATCH = YES;
				COPY_PHASE_STRIP = NO;
				CURRENT_PROJECT_VERSION = 1;
				DEBUG_INFORMATION_FORMAT = "dwarf-with-dsym";
				ENABLE_NS_ASSERTIONS = NO;
				ENABLE_STRICT_OBJC_MSGSEND = YES;
				GCC_C_LANGUAGE_STANDARD = gnu11;
				GCC_NO_COMMON_BLOCKS = YES;
				GCC_WARN_64_TO_32_BIT_CONVERSION = YES;
				GCC_WARN_ABOUT_RETURN_TYPE = YES_ERROR;
				GCC_WARN_UNDECLARED_SELECTOR = YES;
				GCC_WARN_UNINITIALIZED_AUTOS = YES_AGGRESSIVE;
				GCC_WARN_UNUSED_FUNCTION = YES;
				GCC_WARN_UNUSED_VARIABLE = YES;
				IPHONEOS_DEPLOYMENT_TARGET = 13.0;
				MTL_ENABLE_DEBUG_INFO = NO;
				MTL_FAST_MATH = YES;
				SDKROOT = iphoneos;
				SWIFT_COMPILATION_MODE = wholemodule;
				SWIFT_OPTIMIZATION_LEVEL = "-O";
				USE_HEADERMAP = YES;
				VALIDATE_PRODUCT = YES;
				VERSIONING_SYSTEM = "apple-generic";
				VERSION_INFO_PREFIX = "";
			};
			name = Release;
		};
		B3C434492474412100EC67C3 /* Debug */ = {
			isa = XCBuildConfiguration;
			buildSettings = {
				CLANG_ENABLE_MODULES = YES;
				CODE_SIGN_STYLE = Automatic;
				DEFINES_MODULE = YES;
				DEVELOPMENT_TEAM = Z2EVZ5Y6JY;
				DYLIB_COMPATIBILITY_VERSION = 1;
				DYLIB_CURRENT_VERSION = 1;
				DYLIB_INSTALL_NAME_BASE = "@rpath";
				FRAMEWORK_SEARCH_PATHS = "";
				INFOPLIST_FILE = "EasifyNetwork/Supporting Files/Info.plist";
				INSTALL_PATH = "$(LOCAL_LIBRARY_DIR)/Frameworks";
				LD_RUNPATH_SEARCH_PATHS = (
					"$(inherited)",
					"@executable_path/Frameworks",
					"@loader_path/Frameworks",
				);
				MODULEMAP_PRIVATE_FILE = "";
				ONLY_ACTIVE_ARCH = YES;
				PRODUCT_BUNDLE_IDENTIFIER = nl.saidozcan.EasifyNetwork;
				PRODUCT_NAME = "$(TARGET_NAME:c99extidentifier)";
				SKIP_INSTALL = YES;
				SUPPORTS_MACCATALYST = NO;
				SWIFT_OPTIMIZATION_LEVEL = "-Onone";
				SWIFT_VERSION = 5.0;
				TARGETED_DEVICE_FAMILY = "1,2";
				VALIDATE_WORKSPACE = NO;
			};
			name = Debug;
		};
		B3C4344A2474412100EC67C3 /* Release */ = {
			isa = XCBuildConfiguration;
			buildSettings = {
				CLANG_ENABLE_MODULES = YES;
				CODE_SIGN_STYLE = Automatic;
				DEFINES_MODULE = YES;
				DEVELOPMENT_TEAM = Z2EVZ5Y6JY;
				DYLIB_COMPATIBILITY_VERSION = 1;
				DYLIB_CURRENT_VERSION = 1;
				DYLIB_INSTALL_NAME_BASE = "@rpath";
				FRAMEWORK_SEARCH_PATHS = "";
				INFOPLIST_FILE = "EasifyNetwork/Supporting Files/Info.plist";
				INSTALL_PATH = "$(LOCAL_LIBRARY_DIR)/Frameworks";
				LD_RUNPATH_SEARCH_PATHS = (
					"$(inherited)",
					"@executable_path/Frameworks",
					"@loader_path/Frameworks",
				);
				MODULEMAP_PRIVATE_FILE = "";
				ONLY_ACTIVE_ARCH = YES;
				PRODUCT_BUNDLE_IDENTIFIER = nl.saidozcan.EasifyNetwork;
				PRODUCT_NAME = "$(TARGET_NAME:c99extidentifier)";
				SKIP_INSTALL = YES;
				SUPPORTS_MACCATALYST = NO;
				SWIFT_VERSION = 5.0;
				TARGETED_DEVICE_FAMILY = "1,2";
				VALIDATE_WORKSPACE = NO;
			};
			name = Release;
		};
		B3C4344C2474412100EC67C3 /* Debug */ = {
			isa = XCBuildConfiguration;
			buildSettings = {
				ALWAYS_EMBED_SWIFT_STANDARD_LIBRARIES = YES;
				CLANG_ENABLE_MODULES = YES;
				CODE_SIGN_STYLE = Automatic;
				DEVELOPMENT_TEAM = Z2EVZ5Y6JY;
				FRAMEWORK_SEARCH_PATHS = "";
				INFOPLIST_FILE = "EasifyNetworkTests/Supporting Files/Info.plist";
				LD_RUNPATH_SEARCH_PATHS = (
					"$(inherited)",
					"@executable_path/Frameworks",
					"@loader_path/Frameworks",
				);
				PRODUCT_BUNDLE_IDENTIFIER = nl.saidozcan.EasifyNetworkTests;
				PRODUCT_NAME = "$(TARGET_NAME)";
				SWIFT_OPTIMIZATION_LEVEL = "-Onone";
				SWIFT_VERSION = 5.0;
				TARGETED_DEVICE_FAMILY = "1,2";
			};
			name = Debug;
		};
		B3C4344D2474412100EC67C3 /* Release */ = {
			isa = XCBuildConfiguration;
			buildSettings = {
				ALWAYS_EMBED_SWIFT_STANDARD_LIBRARIES = YES;
				CLANG_ENABLE_MODULES = YES;
				CODE_SIGN_STYLE = Automatic;
				DEVELOPMENT_TEAM = Z2EVZ5Y6JY;
				FRAMEWORK_SEARCH_PATHS = "";
				INFOPLIST_FILE = "EasifyNetworkTests/Supporting Files/Info.plist";
				LD_RUNPATH_SEARCH_PATHS = (
					"$(inherited)",
					"@executable_path/Frameworks",
					"@loader_path/Frameworks",
				);
				PRODUCT_BUNDLE_IDENTIFIER = nl.saidozcan.EasifyNetworkTests;
				PRODUCT_NAME = "$(TARGET_NAME)";
				SWIFT_VERSION = 5.0;
				TARGETED_DEVICE_FAMILY = "1,2";
			};
			name = Release;
		};
/* End XCBuildConfiguration section */

/* Begin XCConfigurationList section */
		B3C4342E2474412100EC67C3 /* Build configuration list for PBXProject "EasifyNetwork" */ = {
			isa = XCConfigurationList;
			buildConfigurations = (
				B3C434462474412100EC67C3 /* Debug */,
				B3C434472474412100EC67C3 /* Release */,
			);
			defaultConfigurationIsVisible = 0;
			defaultConfigurationName = Release;
		};
		B3C434482474412100EC67C3 /* Build configuration list for PBXNativeTarget "EasifyNetwork" */ = {
			isa = XCConfigurationList;
			buildConfigurations = (
				B3C434492474412100EC67C3 /* Debug */,
				B3C4344A2474412100EC67C3 /* Release */,
			);
			defaultConfigurationIsVisible = 0;
			defaultConfigurationName = Release;
		};
		B3C4344B2474412100EC67C3 /* Build configuration list for PBXNativeTarget "EasifyNetworkTests" */ = {
			isa = XCConfigurationList;
			buildConfigurations = (
				B3C4344C2474412100EC67C3 /* Debug */,
				B3C4344D2474412100EC67C3 /* Release */,
			);
			defaultConfigurationIsVisible = 0;
			defaultConfigurationName = Release;
		};
/* End XCConfigurationList section */

/* Begin XCRemoteSwiftPackageReference section */
		B3D4D7762476DAF400A7D906 /* XCRemoteSwiftPackageReference "Alamofire" */ = {
			isa = XCRemoteSwiftPackageReference;
			repositoryURL = "https://github.com/Alamofire/Alamofire.git";
			requirement = {
				kind = upToNextMajorVersion;
				minimumVersion = 5.2.0;
			};
		};
/* End XCRemoteSwiftPackageReference section */

/* Begin XCSwiftPackageProductDependency section */
		B3D4D8052476E97600A7D906 /* Alamofire */ = {
			isa = XCSwiftPackageProductDependency;
			package = B3D4D7762476DAF400A7D906 /* XCRemoteSwiftPackageReference "Alamofire" */;
			productName = Alamofire;
		};
/* End XCSwiftPackageProductDependency section */
	};
	rootObject = B3C4342B2474412100EC67C3 /* Project object */;
}
