{
  "object": {
    "pins": [
      {
        "package": "Alamofire",
        "repositoryURL": "https://github.com/Alamofire/Alamofire.git",
        "state": {
          "branch": null,
          "revision": "64dd16a5f2099dd5400f5e6d1442dc5ab0c1d917",
          "version": "5.2.0"
        }
      }
    ]
  },
  "version": 1
}
