// !$*UTF8*$!
{
	archiveVersion = 1;
	classes = {
	};
	objectVersion = 50;
	objects = {

/* Begin PBXBuildFile section */
		B32CEB2724733DEA00769C44 /* AppDelegate.swift in Sources */ = {isa = PBXBuildFile; fileRef = B32CEB2524733DEA00769C44 /* AppDelegate.swift */; };
		B32CEB2824733DEA00769C44 /* SceneDelegate.swift in Sources */ = {isa = PBXBuildFile; fileRef = B32CEB2624733DEA00769C44 /* SceneDelegate.swift */; };
		B32CEB3024733E2400769C44 /* Assets.xcassets in Resources */ = {isa = PBXBuildFile; fileRef = B32CEB2C24733E2400769C44 /* Assets.xcassets */; };
		B32EFFC024760C44009F6FCC /* SpotifyLoginViewController.swift in Sources */ = {isa = PBXBuildFile; fileRef = B32EFFBF24760C44009F6FCC /* SpotifyLoginViewController.swift */; };
		B384ADD924733AD300D9514A /* Preview Assets.xcassets in Resources */ = {isa = PBXBuildFile; fileRef = B384ADD824733AD300D9514A /* Preview Assets.xcassets */; };
		B384ADDC24733AD300D9514A /* LaunchScreen.storyboard in Resources */ = {isa = PBXBuildFile; fileRef = B384ADDA24733AD300D9514A /* LaunchScreen.storyboard */; };
		B384ADE724733AD300D9514A /* EasifyTests.swift in Sources */ = {isa = PBXBuildFile; fileRef = B384ADE624733AD300D9514A /* EasifyTests.swift */; };
		B393A0162476F20400CDCA21 /* EasifyDefines.framework in Copy Frameworks */ = {isa = PBXBuildFile; fileRef = B3D4D7D62476DEA100A7D906 /* EasifyDefines.framework */; settings = {ATTRIBUTES = (CodeSignOnCopy, RemoveHeadersOnCopy, ); }; };
		B393A0172476F20C00CDCA21 /* SpotifyLogin.framework in Copy Frameworks */ = {isa = PBXBuildFile; fileRef = B3D4D8522476EE6600A7D906 /* SpotifyLogin.framework */; settings = {ATTRIBUTES = (CodeSignOnCopy, RemoveHeadersOnCopy, ); }; };
		B393A0182476F21200CDCA21 /* EasifyCore.framework in Copy Frameworks */ = {isa = PBXBuildFile; fileRef = B3D4D7C52476DEA100A7D906 /* EasifyCore.framework */; settings = {ATTRIBUTES = (CodeSignOnCopy, RemoveHeadersOnCopy, ); }; };
		B393A0192476F21800CDCA21 /* EasifyUI.framework in Copy Frameworks */ = {isa = PBXBuildFile; fileRef = B3D4D7CE2476DEA100A7D906 /* EasifyUI.framework */; settings = {ATTRIBUTES = (CodeSignOnCopy, RemoveHeadersOnCopy, ); }; };
		B3B3809924733E92008411DE /* HomeView.swift in Sources */ = {isa = PBXBuildFile; fileRef = B3B3808824733E92008411DE /* HomeView.swift */; };
		B3B3809C24733E92008411DE /* ContainerView.swift in Sources */ = {isa = PBXBuildFile; fileRef = B3B3808C24733E92008411DE /* ContainerView.swift */; };
		B3B3809D24733E92008411DE /* LoginViewModel.swift in Sources */ = {isa = PBXBuildFile; fileRef = B3B3808F24733E92008411DE /* LoginViewModel.swift */; };
		B3B3809F24733E92008411DE /* AppNameView.swift in Sources */ = {isa = PBXBuildFile; fileRef = B3B3809324733E92008411DE /* AppNameView.swift */; };
		B3B380A024733E92008411DE /* ButtonWithLinkView.swift in Sources */ = {isa = PBXBuildFile; fileRef = B3B3809424733E92008411DE /* ButtonWithLinkView.swift */; };
		B3B380A124733E92008411DE /* LoginView.swift in Sources */ = {isa = PBXBuildFile; fileRef = B3B3809524733E92008411DE /* LoginView.swift */; };
		B3B380A224733E92008411DE /* BackgroundView.swift in Sources */ = {isa = PBXBuildFile; fileRef = B3B3809624733E92008411DE /* BackgroundView.swift */; };
		B3B380A324733E92008411DE /* ConnectButtonView.swift in Sources */ = {isa = PBXBuildFile; fileRef = B3B3809724733E92008411DE /* ConnectButtonView.swift */; };
		B3B380A424733E92008411DE /* DescriptionTextView.swift in Sources */ = {isa = PBXBuildFile; fileRef = B3B3809824733E92008411DE /* DescriptionTextView.swift */; };
/* End PBXBuildFile section */

/* Begin PBXContainerItemProxy section */
		B336DF922476F5C5000B7CF2 /* PBXContainerItemProxy */ = {
			isa = PBXContainerItemProxy;
			containerPortal = B336DF8E2476F5C5000B7CF2 /* SpotifyLogin.xcodeproj */;
			proxyType = 2;
			remoteGlobalIDString = B3D4D8232476EDDB00A7D906;
			remoteInfo = SpotifyLogin;
		};
		B384ADE324733AD300D9514A /* PBXContainerItemProxy */ = {
			isa = PBXContainerItemProxy;
			containerPortal = B384ADC424733AD200D9514A /* Project object */;
			proxyType = 1;
			remoteGlobalIDString = B384ADCB24733AD200D9514A;
			remoteInfo = Easify;
		};
		B3D4D7C42476DEA100A7D906 /* PBXContainerItemProxy */ = {
			isa = PBXContainerItemProxy;
			containerPortal = B3D4D7BF2476DEA100A7D906 /* EasifyCore.xcodeproj */;
			proxyType = 2;
			remoteGlobalIDString = B384ADFB24733BCD00D9514A;
			remoteInfo = EasifyCore;
		};
		B3D4D7C62476DEA100A7D906 /* PBXContainerItemProxy */ = {
			isa = PBXContainerItemProxy;
			containerPortal = B3D4D7BF2476DEA100A7D906 /* EasifyCore.xcodeproj */;
			proxyType = 2;
			remoteGlobalIDString = B384AE0424733BCD00D9514A;
			remoteInfo = EasifyCoreTests;
		};
		B3D4D7CD2476DEA100A7D906 /* PBXContainerItemProxy */ = {
			isa = PBXContainerItemProxy;
			containerPortal = B3D4D7C82476DEA100A7D906 /* EasifyUI.xcodeproj */;
			proxyType = 2;
			remoteGlobalIDString = B32CEB0A24733D9B00769C44;
			remoteInfo = EasifyUI;
		};
		B3D4D7CF2476DEA100A7D906 /* PBXContainerItemProxy */ = {
			isa = PBXContainerItemProxy;
			containerPortal = B3D4D7C82476DEA100A7D906 /* EasifyUI.xcodeproj */;
			proxyType = 2;
			remoteGlobalIDString = B32CEB1324733D9B00769C44;
			remoteInfo = EasifyUITests;
		};
		B3D4D7D52476DEA100A7D906 /* PBXContainerItemProxy */ = {
			isa = PBXContainerItemProxy;
			containerPortal = B3D4D7D12476DEA100A7D906 /* EasifyDefines.xcodeproj */;
			proxyType = 2;
			remoteGlobalIDString = B30B2EF62475EB5C00C6088F;
			remoteInfo = EasifyDefines;
		};
/* End PBXContainerItemProxy section */

/* Begin PBXCopyFilesBuildPhase section */
		B393A0152476F1F200CDCA21 /* Copy Frameworks */ = {
			isa = PBXCopyFilesBuildPhase;
			buildActionMask = 12;
			dstPath = "";
			dstSubfolderSpec = 10;
			files = (
				B393A0192476F21800CDCA21 /* EasifyUI.framework in Copy Frameworks */,
				B393A0182476F21200CDCA21 /* EasifyCore.framework in Copy Frameworks */,
				B393A0172476F20C00CDCA21 /* SpotifyLogin.framework in Copy Frameworks */,
				B393A0162476F20400CDCA21 /* EasifyDefines.framework in Copy Frameworks */,
			);
			name = "Copy Frameworks";
			runOnlyForDeploymentPostprocessing = 0;
		};
/* End PBXCopyFilesBuildPhase section */

/* Begin PBXFileReference section */
		B32CEB2524733DEA00769C44 /* AppDelegate.swift */ = {isa = PBXFileReference; fileEncoding = 4; lastKnownFileType = sourcecode.swift; path = AppDelegate.swift; sourceTree = "<group>"; };
		B32CEB2624733DEA00769C44 /* SceneDelegate.swift */ = {isa = PBXFileReference; fileEncoding = 4; lastKnownFileType = sourcecode.swift; path = SceneDelegate.swift; sourceTree = "<group>"; };
		B32CEB2C24733E2400769C44 /* Assets.xcassets */ = {isa = PBXFileReference; lastKnownFileType = folder.assetcatalog; path = Assets.xcassets; sourceTree = "<group>"; };
		B32CEB2D24733E2400769C44 /* Easify-Bridging-Header.h */ = {isa = PBXFileReference; fileEncoding = 4; lastKnownFileType = sourcecode.c.h; path = "Easify-Bridging-Header.h"; sourceTree = "<group>"; };
		B32CEB3324733E3A00769C44 /* Base */ = {isa = PBXFileReference; lastKnownFileType = file.storyboard; name = Base; path = LaunchScreen.storyboard; sourceTree = "<group>"; };
		B32EFFBF24760C44009F6FCC /* SpotifyLoginViewController.swift */ = {isa = PBXFileReference; fileEncoding = 4; lastKnownFileType = sourcecode.swift; path = SpotifyLoginViewController.swift; sourceTree = "<group>"; };
		B336DF8E2476F5C5000B7CF2 /* SpotifyLogin.xcodeproj */ = {isa = PBXFileReference; lastKnownFileType = "wrapper.pb-project"; name = SpotifyLogin.xcodeproj; path = ../Modules/CoreModules/SpotifyLogin/SpotifyLogin.xcodeproj; sourceTree = "<group>"; };
		B3420BD0247B2E5600D57FEF /* Easify.entitlements */ = {isa = PBXFileReference; lastKnownFileType = text.plist.entitlements; path = Easify.entitlements; sourceTree = "<group>"; };
		B37C1B0324761F26004B21EE /* EasifyDefines.framework */ = {isa = PBXFileReference; explicitFileType = wrapper.framework; path = EasifyDefines.framework; sourceTree = BUILT_PRODUCTS_DIR; };
		B37F81AB247340AC005D66C9 /* Info.plist */ = {isa = PBXFileReference; fileEncoding = 4; lastKnownFileType = text.plist.xml; path = Info.plist; sourceTree = "<group>"; };
		B384ADCC24733AD200D9514A /* Easify.app */ = {isa = PBXFileReference; explicitFileType = wrapper.application; includeInIndex = 0; path = Easify.app; sourceTree = BUILT_PRODUCTS_DIR; };
		B384ADD824733AD300D9514A /* Preview Assets.xcassets */ = {isa = PBXFileReference; lastKnownFileType = folder.assetcatalog; path = "Preview Assets.xcassets"; sourceTree = "<group>"; };
		B384ADDB24733AD300D9514A /* Base */ = {isa = PBXFileReference; lastKnownFileType = file.storyboard; name = Base; path = Base.lproj/LaunchScreen.storyboard; sourceTree = "<group>"; };
		B384ADE224733AD300D9514A /* EasifyTests.xctest */ = {isa = PBXFileReference; explicitFileType = wrapper.cfbundle; includeInIndex = 0; path = EasifyTests.xctest; sourceTree = BUILT_PRODUCTS_DIR; };
		B384ADE624733AD300D9514A /* EasifyTests.swift */ = {isa = PBXFileReference; lastKnownFileType = sourcecode.swift; path = EasifyTests.swift; sourceTree = "<group>"; };
		B384ADE824733AD300D9514A /* Info.plist */ = {isa = PBXFileReference; lastKnownFileType = text.plist.xml; path = Info.plist; sourceTree = "<group>"; };
		B3B3808824733E92008411DE /* HomeView.swift */ = {isa = PBXFileReference; fileEncoding = 4; lastKnownFileType = sourcecode.swift; path = HomeView.swift; sourceTree = "<group>"; };
		B3B3808C24733E92008411DE /* ContainerView.swift */ = {isa = PBXFileReference; fileEncoding = 4; lastKnownFileType = sourcecode.swift; path = ContainerView.swift; sourceTree = "<group>"; };
		B3B3808F24733E92008411DE /* LoginViewModel.swift */ = {isa = PBXFileReference; fileEncoding = 4; lastKnownFileType = sourcecode.swift; path = LoginViewModel.swift; sourceTree = "<group>"; };
		B3B3809324733E92008411DE /* AppNameView.swift */ = {isa = PBXFileReference; fileEncoding = 4; lastKnownFileType = sourcecode.swift; path = AppNameView.swift; sourceTree = "<group>"; };
		B3B3809424733E92008411DE /* ButtonWithLinkView.swift */ = {isa = PBXFileReference; fileEncoding = 4; lastKnownFileType = sourcecode.swift; path = ButtonWithLinkView.swift; sourceTree = "<group>"; };
		B3B3809524733E92008411DE /* LoginView.swift */ = {isa = PBXFileReference; fileEncoding = 4; lastKnownFileType = sourcecode.swift; path = LoginView.swift; sourceTree = "<group>"; };
		B3B3809624733E92008411DE /* BackgroundView.swift */ = {isa = PBXFileReference; fileEncoding = 4; lastKnownFileType = sourcecode.swift; path = BackgroundView.swift; sourceTree = "<group>"; };
		B3B3809724733E92008411DE /* ConnectButtonView.swift */ = {isa = PBXFileReference; fileEncoding = 4; lastKnownFileType = sourcecode.swift; path = ConnectButtonView.swift; sourceTree = "<group>"; };
		B3B3809824733E92008411DE /* DescriptionTextView.swift */ = {isa = PBXFileReference; fileEncoding = 4; lastKnownFileType = sourcecode.swift; path = DescriptionTextView.swift; sourceTree = "<group>"; };
		B3D4D7BF2476DEA100A7D906 /* EasifyCore.xcodeproj */ = {isa = PBXFileReference; lastKnownFileType = "wrapper.pb-project"; name = EasifyCore.xcodeproj; path = ../Modules/CoreModules/EasifyCore/EasifyCore.xcodeproj; sourceTree = "<group>"; };
		B3D4D7C82476DEA100A7D906 /* EasifyUI.xcodeproj */ = {isa = PBXFileReference; lastKnownFileType = "wrapper.pb-project"; name = EasifyUI.xcodeproj; path = ../Modules/UIModules/EasifyUI/EasifyUI.xcodeproj; sourceTree = "<group>"; };
		B3D4D7D12476DEA100A7D906 /* EasifyDefines.xcodeproj */ = {isa = PBXFileReference; lastKnownFileType = "wrapper.pb-project"; name = EasifyDefines.xcodeproj; path = ../Modules/CoreModules/EasifyDefines/EasifyDefines.xcodeproj; sourceTree = "<group>"; };
		B3D4D8522476EE6600A7D906 /* SpotifyLogin.framework */ = {isa = PBXFileReference; explicitFileType = wrapper.framework; path = SpotifyLogin.framework; sourceTree = BUILT_PRODUCTS_DIR; };
/* End PBXFileReference section */

/* Begin PBXFrameworksBuildPhase section */
		B384ADC924733AD200D9514A /* Frameworks */ = {
			isa = PBXFrameworksBuildPhase;
			buildActionMask = 2147483647;
			files = (
			);
			runOnlyForDeploymentPostprocessing = 0;
		};
		B384ADDF24733AD300D9514A /* Frameworks */ = {
			isa = PBXFrameworksBuildPhase;
			buildActionMask = 2147483647;
			files = (
			);
			runOnlyForDeploymentPostprocessing = 0;
		};
/* End PBXFrameworksBuildPhase section */

/* Begin PBXGroup section */
		B32CEB2424733DDE00769C44 /* Common */ = {
			isa = PBXGroup;
			children = (
				B32CEB2524733DEA00769C44 /* AppDelegate.swift */,
				B32CEB2624733DEA00769C44 /* SceneDelegate.swift */,
			);
			path = Common;
			sourceTree = "<group>";
		};
		B32CEB2924733DF900769C44 /* Supporting Files */ = {
			isa = PBXGroup;
			children = (
				B37F81AB247340AC005D66C9 /* Info.plist */,
				B384ADDA24733AD300D9514A /* LaunchScreen.storyboard */,
				B32CEB3124733E3A00769C44 /* Base.lproj */,
				B32CEB2C24733E2400769C44 /* Assets.xcassets */,
				B32CEB2D24733E2400769C44 /* Easify-Bridging-Header.h */,
			);
			path = "Supporting Files";
			sourceTree = "<group>";
		};
		B32CEB3124733E3A00769C44 /* Base.lproj */ = {
			isa = PBXGroup;
			children = (
				B32CEB3224733E3A00769C44 /* LaunchScreen.storyboard */,
			);
			path = Base.lproj;
			sourceTree = "<group>";
		};
		B32EFFBA24760C30009F6FCC /* View Controllers */ = {
			isa = PBXGroup;
			children = (
				B32EFFBF24760C44009F6FCC /* SpotifyLoginViewController.swift */,
			);
			path = "View Controllers";
			sourceTree = "<group>";
		};
		B336DF8F2476F5C5000B7CF2 /* Products */ = {
			isa = PBXGroup;
			children = (
				B336DF932476F5C5000B7CF2 /* SpotifyLogin.framework */,
			);
			name = Products;
			sourceTree = "<group>";
		};
		B384ADC324733AD200D9514A = {
			isa = PBXGroup;
			children = (
				B3E4B957247621FA001FD420 /* Dependencies */,
				B384ADCE24733AD200D9514A /* Easify */,
				B384ADE524733AD300D9514A /* EasifyTests */,
				B384ADCD24733AD200D9514A /* Products */,
				BB9DC9E81444647FFB8A2C9D /* Frameworks */,
			);
			sourceTree = "<group>";
		};
		B384ADCD24733AD200D9514A /* Products */ = {
			isa = PBXGroup;
			children = (
				B384ADCC24733AD200D9514A /* Easify.app */,
				B384ADE224733AD300D9514A /* EasifyTests.xctest */,
			);
			name = Products;
			sourceTree = "<group>";
		};
		B384ADCE24733AD200D9514A /* Easify */ = {
			isa = PBXGroup;
			children = (
				B3420BD0247B2E5600D57FEF /* Easify.entitlements */,
				B32CEB2424733DDE00769C44 /* Common */,
				B384ADD724733AD300D9514A /* Preview Content */,
				B3B3808624733E92008411DE /* Screens */,
				B32CEB2924733DF900769C44 /* Supporting Files */,
			);
			path = Easify;
			sourceTree = "<group>";
		};
		B384ADD724733AD300D9514A /* Preview Content */ = {
			isa = PBXGroup;
			children = (
				B384ADD824733AD300D9514A /* Preview Assets.xcassets */,
			);
			path = "Preview Content";
			sourceTree = "<group>";
		};
		B384ADE524733AD300D9514A /* EasifyTests */ = {
			isa = PBXGroup;
			children = (
				B3C433CE2473538800EC67C3 /* Supporting Files */,
			);
			path = EasifyTests;
			sourceTree = "<group>";
		};
		B3B3808624733E92008411DE /* Screens */ = {
			isa = PBXGroup;
			children = (
				B3B3808724733E92008411DE /* Home */,
				B3B3808924733E92008411DE /* Common */,
				B3B3808D24733E92008411DE /* Login */,
			);
			path = Screens;
			sourceTree = "<group>";
		};
		B3B3808724733E92008411DE /* Home */ = {
			isa = PBXGroup;
			children = (
				B3B3808824733E92008411DE /* HomeView.swift */,
			);
			path = Home;
			sourceTree = "<group>";
		};
		B3B3808924733E92008411DE /* Common */ = {
			isa = PBXGroup;
			children = (
				B3B3808C24733E92008411DE /* ContainerView.swift */,
			);
			path = Common;
			sourceTree = "<group>";
		};
		B3B3808D24733E92008411DE /* Login */ = {
			isa = PBXGroup;
			children = (
				B32EFFBA24760C30009F6FCC /* View Controllers */,
				B3B3808E24733E92008411DE /* View Models */,
				B3B3809224733E92008411DE /* Views */,
			);
			path = Login;
			sourceTree = "<group>";
		};
		B3B3808E24733E92008411DE /* View Models */ = {
			isa = PBXGroup;
			children = (
				B3B3808F24733E92008411DE /* LoginViewModel.swift */,
			);
			path = "View Models";
			sourceTree = "<group>";
		};
		B3B3809224733E92008411DE /* Views */ = {
			isa = PBXGroup;
			children = (
				B3B3809324733E92008411DE /* AppNameView.swift */,
				B3B3809424733E92008411DE /* ButtonWithLinkView.swift */,
				B3B3809524733E92008411DE /* LoginView.swift */,
				B3B3809624733E92008411DE /* BackgroundView.swift */,
				B3B3809724733E92008411DE /* ConnectButtonView.swift */,
				B3B3809824733E92008411DE /* DescriptionTextView.swift */,
			);
			path = Views;
			sourceTree = "<group>";
		};
		B3C433CE2473538800EC67C3 /* Supporting Files */ = {
			isa = PBXGroup;
			children = (
				B384ADE624733AD300D9514A /* EasifyTests.swift */,
				B384ADE824733AD300D9514A /* Info.plist */,
			);
			path = "Supporting Files";
			sourceTree = "<group>";
		};
		B3D4D7C02476DEA100A7D906 /* Products */ = {
			isa = PBXGroup;
			children = (
				B3D4D7C52476DEA100A7D906 /* EasifyCore.framework */,
				B3D4D7C72476DEA100A7D906 /* EasifyCoreTests.xctest */,
			);
			name = Products;
			sourceTree = "<group>";
		};
		B3D4D7C92476DEA100A7D906 /* Products */ = {
			isa = PBXGroup;
			children = (
				B3D4D7CE2476DEA100A7D906 /* EasifyUI.framework */,
				B3D4D7D02476DEA100A7D906 /* EasifyUITests.xctest */,
			);
			name = Products;
			sourceTree = "<group>";
		};
		B3D4D7D22476DEA100A7D906 /* Products */ = {
			isa = PBXGroup;
			children = (
				B3D4D7D62476DEA100A7D906 /* EasifyDefines.framework */,
			);
			name = Products;
			sourceTree = "<group>";
		};
		B3E4B957247621FA001FD420 /* Dependencies */ = {
			isa = PBXGroup;
			children = (
				B3D4D7BF2476DEA100A7D906 /* EasifyCore.xcodeproj */,
				B3D4D7D12476DEA100A7D906 /* EasifyDefines.xcodeproj */,
				B3D4D7C82476DEA100A7D906 /* EasifyUI.xcodeproj */,
				B336DF8E2476F5C5000B7CF2 /* SpotifyLogin.xcodeproj */,
			);
			name = Dependencies;
			sourceTree = "<group>";
		};
		BB9DC9E81444647FFB8A2C9D /* Frameworks */ = {
			isa = PBXGroup;
			children = (
				B3D4D8522476EE6600A7D906 /* SpotifyLogin.framework */,
				B37C1B0324761F26004B21EE /* EasifyDefines.framework */,
			);
			name = Frameworks;
			sourceTree = "<group>";
		};
/* End PBXGroup section */

/* Begin PBXNativeTarget section */
		B384ADCB24733AD200D9514A /* Easify */ = {
			isa = PBXNativeTarget;
			buildConfigurationList = B384ADEB24733AD300D9514A /* Build configuration list for PBXNativeTarget "Easify" */;
			buildPhases = (
				B384ADC824733AD200D9514A /* Sources */,
				B384ADC924733AD200D9514A /* Frameworks */,
				B384ADCA24733AD200D9514A /* Resources */,
				B393A0152476F1F200CDCA21 /* Copy Frameworks */,
				B3C433D12473556400EC67C3 /* SwiftLint */,
			);
			buildRules = (
			);
			dependencies = (
			);
			name = Easify;
			productName = Easify;
			productReference = B384ADCC24733AD200D9514A /* Easify.app */;
			productType = "com.apple.product-type.application";
		};
		B384ADE124733AD300D9514A /* EasifyTests */ = {
			isa = PBXNativeTarget;
			buildConfigurationList = B384ADEE24733AD300D9514A /* Build configuration list for PBXNativeTarget "EasifyTests" */;
			buildPhases = (
				B384ADDE24733AD300D9514A /* Sources */,
				B384ADDF24733AD300D9514A /* Frameworks */,
				B384ADE024733AD300D9514A /* Resources */,
				B3C433D22473556F00EC67C3 /* SwiftLint */,
			);
			buildRules = (
			);
			dependencies = (
				B384ADE424733AD300D9514A /* PBXTargetDependency */,
			);
			name = EasifyTests;
			productName = EasifyTests;
			productReference = B384ADE224733AD300D9514A /* EasifyTests.xctest */;
			productType = "com.apple.product-type.bundle.unit-test";
		};
/* End PBXNativeTarget section */

/* Begin PBXProject section */
		B384ADC424733AD200D9514A /* Project object */ = {
			isa = PBXProject;
			attributes = {
				LastSwiftUpdateCheck = 1140;
				LastUpgradeCheck = 1140;
				ORGANIZATIONNAME = "Muhammed Said Özcan";
				TargetAttributes = {
					B384ADCB24733AD200D9514A = {
						CreatedOnToolsVersion = 11.4.1;
					};
					B384ADE124733AD300D9514A = {
						CreatedOnToolsVersion = 11.4.1;
						TestTargetID = B384ADCB24733AD200D9514A;
					};
				};
			};
			buildConfigurationList = B384ADC724733AD200D9514A /* Build configuration list for PBXProject "Easify" */;
			compatibilityVersion = "Xcode 9.3";
			developmentRegion = en;
			hasScannedForEncodings = 0;
			knownRegions = (
				en,
				Base,
			);
			mainGroup = B384ADC324733AD200D9514A;
			productRefGroup = B384ADCD24733AD200D9514A /* Products */;
			projectDirPath = "";
			projectReferences = (
				{
					ProductGroup = B3D4D7C02476DEA100A7D906 /* Products */;
					ProjectRef = B3D4D7BF2476DEA100A7D906 /* EasifyCore.xcodeproj */;
				},
				{
					ProductGroup = B3D4D7D22476DEA100A7D906 /* Products */;
					ProjectRef = B3D4D7D12476DEA100A7D906 /* EasifyDefines.xcodeproj */;
				},
				{
					ProductGroup = B3D4D7C92476DEA100A7D906 /* Products */;
					ProjectRef = B3D4D7C82476DEA100A7D906 /* EasifyUI.xcodeproj */;
				},
				{
					ProductGroup = B336DF8F2476F5C5000B7CF2 /* Products */;
					ProjectRef = B336DF8E2476F5C5000B7CF2 /* SpotifyLogin.xcodeproj */;
				},
			);
			projectRoot = "";
			targets = (
				B384ADCB24733AD200D9514A /* Easify */,
				B384ADE124733AD300D9514A /* EasifyTests */,
			);
		};
/* End PBXProject section */

/* Begin PBXReferenceProxy section */
		B336DF932476F5C5000B7CF2 /* SpotifyLogin.framework */ = {
			isa = PBXReferenceProxy;
			fileType = wrapper.framework;
			path = SpotifyLogin.framework;
			remoteRef = B336DF922476F5C5000B7CF2 /* PBXContainerItemProxy */;
			sourceTree = BUILT_PRODUCTS_DIR;
		};
		B3D4D7C52476DEA100A7D906 /* EasifyCore.framework */ = {
			isa = PBXReferenceProxy;
			fileType = wrapper.framework;
			path = EasifyCore.framework;
			remoteRef = B3D4D7C42476DEA100A7D906 /* PBXContainerItemProxy */;
			sourceTree = BUILT_PRODUCTS_DIR;
		};
		B3D4D7C72476DEA100A7D906 /* EasifyCoreTests.xctest */ = {
			isa = PBXReferenceProxy;
			fileType = wrapper.cfbundle;
			path = EasifyCoreTests.xctest;
			remoteRef = B3D4D7C62476DEA100A7D906 /* PBXContainerItemProxy */;
			sourceTree = BUILT_PRODUCTS_DIR;
		};
		B3D4D7CE2476DEA100A7D906 /* EasifyUI.framework */ = {
			isa = PBXReferenceProxy;
			fileType = wrapper.framework;
			path = EasifyUI.framework;
			remoteRef = B3D4D7CD2476DEA100A7D906 /* PBXContainerItemProxy */;
			sourceTree = BUILT_PRODUCTS_DIR;
		};
		B3D4D7D02476DEA100A7D906 /* EasifyUITests.xctest */ = {
			isa = PBXReferenceProxy;
			fileType = wrapper.cfbundle;
			path = EasifyUITests.xctest;
			remoteRef = B3D4D7CF2476DEA100A7D906 /* PBXContainerItemProxy */;
			sourceTree = BUILT_PRODUCTS_DIR;
		};
		B3D4D7D62476DEA100A7D906 /* EasifyDefines.framework */ = {
			isa = PBXReferenceProxy;
			fileType = wrapper.framework;
			path = EasifyDefines.framework;
			remoteRef = B3D4D7D52476DEA100A7D906 /* PBXContainerItemProxy */;
			sourceTree = BUILT_PRODUCTS_DIR;
		};
/* End PBXReferenceProxy section */

/* Begin PBXResourcesBuildPhase section */
		B384ADCA24733AD200D9514A /* Resources */ = {
			isa = PBXResourcesBuildPhase;
			buildActionMask = 2147483647;
			files = (
				B384ADDC24733AD300D9514A /* LaunchScreen.storyboard in Resources */,
				B384ADD924733AD300D9514A /* Preview Assets.xcassets in Resources */,
				B32CEB3024733E2400769C44 /* Assets.xcassets in Resources */,
			);
			runOnlyForDeploymentPostprocessing = 0;
		};
		B384ADE024733AD300D9514A /* Resources */ = {
			isa = PBXResourcesBuildPhase;
			buildActionMask = 2147483647;
			files = (
			);
			runOnlyForDeploymentPostprocessing = 0;
		};
/* End PBXResourcesBuildPhase section */

/* Begin PBXShellScriptBuildPhase section */
		B3C433D12473556400EC67C3 /* SwiftLint */ = {
			isa = PBXShellScriptBuildPhase;
			buildActionMask = 2147483647;
			files = (
			);
			inputFileListPaths = (
			);
			inputPaths = (
			);
			name = SwiftLint;
			outputFileListPaths = (
			);
			outputPaths = (
			);
			runOnlyForDeploymentPostprocessing = 0;
			shellPath = /bin/sh;
			shellScript = "if which swiftlint >/dev/null; then\n  swiftlint --config \"$SRCROOT/../.swiftlint.yml\"\nelse\n  echo \"warning: SwiftLint not installed, download from https://github.com/realm/SwiftLint\"\nfi\n";
		};
		B3C433D22473556F00EC67C3 /* SwiftLint */ = {
			isa = PBXShellScriptBuildPhase;
			buildActionMask = 2147483647;
			files = (
			);
			inputFileListPaths = (
			);
			inputPaths = (
			);
			name = SwiftLint;
			outputFileListPaths = (
			);
			outputPaths = (
			);
			runOnlyForDeploymentPostprocessing = 0;
			shellPath = /bin/sh;
			shellScript = "if which swiftlint >/dev/null; then\n  swiftlint --config \"$SRCROOT/../.swiftlint.yml\"\nelse\n  echo \"warning: SwiftLint not installed, download from https://github.com/realm/SwiftLint\"\nfi\n";
		};
/* End PBXShellScriptBuildPhase section */

/* Begin PBXSourcesBuildPhase section */
		B384ADC824733AD200D9514A /* Sources */ = {
			isa = PBXSourcesBuildPhase;
			buildActionMask = 2147483647;
			files = (
				B32CEB2824733DEA00769C44 /* SceneDelegate.swift in Sources */,
				B3B380A424733E92008411DE /* DescriptionTextView.swift in Sources */,
				B3B380A224733E92008411DE /* BackgroundView.swift in Sources */,
				B3B3809924733E92008411DE /* HomeView.swift in Sources */,
				B32CEB2724733DEA00769C44 /* AppDelegate.swift in Sources */,
				B3B3809D24733E92008411DE /* LoginViewModel.swift in Sources */,
				B3B380A324733E92008411DE /* ConnectButtonView.swift in Sources */,
				B3B380A124733E92008411DE /* LoginView.swift in Sources */,
				B3B3809F24733E92008411DE /* AppNameView.swift in Sources */,
				B3B380A024733E92008411DE /* ButtonWithLinkView.swift in Sources */,
				B32EFFC024760C44009F6FCC /* SpotifyLoginViewController.swift in Sources */,
				B3B3809C24733E92008411DE /* ContainerView.swift in Sources */,
			);
			runOnlyForDeploymentPostprocessing = 0;
		};
		B384ADDE24733AD300D9514A /* Sources */ = {
			isa = PBXSourcesBuildPhase;
			buildActionMask = 2147483647;
			files = (
				B384ADE724733AD300D9514A /* EasifyTests.swift in Sources */,
			);
			runOnlyForDeploymentPostprocessing = 0;
		};
/* End PBXSourcesBuildPhase section */

/* Begin PBXTargetDependency section */
		B384ADE424733AD300D9514A /* PBXTargetDependency */ = {
			isa = PBXTargetDependency;
			target = B384ADCB24733AD200D9514A /* Easify */;
			targetProxy = B384ADE324733AD300D9514A /* PBXContainerItemProxy */;
		};
/* End PBXTargetDependency section */

/* Begin PBXVariantGroup section */
		B32CEB3224733E3A00769C44 /* LaunchScreen.storyboard */ = {
			isa = PBXVariantGroup;
			children = (
				B32CEB3324733E3A00769C44 /* Base */,
			);
			name = LaunchScreen.storyboard;
			sourceTree = "<group>";
		};
		B384ADDA24733AD300D9514A /* LaunchScreen.storyboard */ = {
			isa = PBXVariantGroup;
			children = (
				B384ADDB24733AD300D9514A /* Base */,
			);
			name = LaunchScreen.storyboard;
			sourceTree = "<group>";
		};
/* End PBXVariantGroup section */

/* Begin XCBuildConfiguration section */
		B384ADE924733AD300D9514A /* Debug */ = {
			isa = XCBuildConfiguration;
			buildSettings = {
				ALWAYS_SEARCH_USER_PATHS = NO;
				CLANG_ANALYZER_NONNULL = YES;
				CLANG_ANALYZER_NUMBER_OBJECT_CONVERSION = YES_AGGRESSIVE;
				CLANG_CXX_LANGUAGE_STANDARD = "gnu++14";
				CLANG_CXX_LIBRARY = "libc++";
				CLANG_ENABLE_MODULES = YES;
				CLANG_ENABLE_OBJC_ARC = YES;
				CLANG_ENABLE_OBJC_WEAK = YES;
				CLANG_WARN_BLOCK_CAPTURE_AUTORELEASING = YES;
				CLANG_WARN_BOOL_CONVERSION = YES;
				CLANG_WARN_COMMA = YES;
				CLANG_WARN_CONSTANT_CONVERSION = YES;
				CLANG_WARN_DEPRECATED_OBJC_IMPLEMENTATIONS = YES;
				CLANG_WARN_DIRECT_OBJC_ISA_USAGE = YES_ERROR;
				CLANG_WARN_DOCUMENTATION_COMMENTS = YES;
				CLANG_WARN_EMPTY_BODY = YES;
				CLANG_WARN_ENUM_CONVERSION = YES;
				CLANG_WARN_INFINITE_RECURSION = YES;
				CLANG_WARN_INT_CONVERSION = YES;
				CLANG_WARN_NON_LITERAL_NULL_CONVERSION = YES;
				CLANG_WARN_OBJC_IMPLICIT_RETAIN_SELF = YES;
				CLANG_WARN_OBJC_LITERAL_CONVERSION = YES;
				CLANG_WARN_OBJC_ROOT_CLASS = YES_ERROR;
				CLANG_WARN_RANGE_LOOP_ANALYSIS = YES;
				CLANG_WARN_STRICT_PROTOTYPES = YES;
				CLANG_WARN_SUSPICIOUS_MOVE = YES;
				CLANG_WARN_UNGUARDED_AVAILABILITY = YES_AGGRESSIVE;
				CLANG_WARN_UNREACHABLE_CODE = YES;
				CLANG_WARN__DUPLICATE_METHOD_MATCH = YES;
				COPY_PHASE_STRIP = NO;
				DEBUG_INFORMATION_FORMAT = dwarf;
				ENABLE_STRICT_OBJC_MSGSEND = YES;
				ENABLE_TESTABILITY = YES;
				GCC_C_LANGUAGE_STANDARD = gnu11;
				GCC_DYNAMIC_NO_PIC = NO;
				GCC_NO_COMMON_BLOCKS = YES;
				GCC_OPTIMIZATION_LEVEL = 0;
				GCC_PREPROCESSOR_DEFINITIONS = (
					"DEBUG=1",
					"$(inherited)",
				);
				GCC_WARN_64_TO_32_BIT_CONVERSION = YES;
				GCC_WARN_ABOUT_RETURN_TYPE = YES_ERROR;
				GCC_WARN_UNDECLARED_SELECTOR = YES;
				GCC_WARN_UNINITIALIZED_AUTOS = YES_AGGRESSIVE;
				GCC_WARN_UNUSED_FUNCTION = YES;
				GCC_WARN_UNUSED_VARIABLE = YES;
				IPHONEOS_DEPLOYMENT_TARGET = 13.0;
				MTL_ENABLE_DEBUG_INFO = INCLUDE_SOURCE;
				MTL_FAST_MATH = YES;
				ONLY_ACTIVE_ARCH = YES;
				SDKROOT = iphoneos;
				SWIFT_ACTIVE_COMPILATION_CONDITIONS = DEBUG;
				SWIFT_OPTIMIZATION_LEVEL = "-Onone";
			};
			name = Debug;
		};
		B384ADEA24733AD300D9514A /* Release */ = {
			isa = XCBuildConfiguration;
			buildSettings = {
				ALWAYS_SEARCH_USER_PATHS = NO;
				CLANG_ANALYZER_NONNULL = YES;
				CLANG_ANALYZER_NUMBER_OBJECT_CONVERSION = YES_AGGRESSIVE;
				CLANG_CXX_LANGUAGE_STANDARD = "gnu++14";
				CLANG_CXX_LIBRARY = "libc++";
				CLANG_ENABLE_MODULES = YES;
				CLANG_ENABLE_OBJC_ARC = YES;
				CLANG_ENABLE_OBJC_WEAK = YES;
				CLANG_WARN_BLOCK_CAPTURE_AUTORELEASING = YES;
				CLANG_WARN_BOOL_CONVERSION = YES;
				CLANG_WARN_COMMA = YES;
				CLANG_WARN_CONSTANT_CONVERSION = YES;
				CLANG_WARN_DEPRECATED_OBJC_IMPLEMENTATIONS = YES;
				CLANG_WARN_DIRECT_OBJC_ISA_USAGE = YES_ERROR;
				CLANG_WARN_DOCUMENTATION_COMMENTS = YES;
				CLANG_WARN_EMPTY_BODY = YES;
				CLANG_WARN_ENUM_CONVERSION = YES;
				CLANG_WARN_INFINITE_RECURSION = YES;
				CLANG_WARN_INT_CONVERSION = YES;
				CLANG_WARN_NON_LITERAL_NULL_CONVERSION = YES;
				CLANG_WARN_OBJC_IMPLICIT_RETAIN_SELF = YES;
				CLANG_WARN_OBJC_LITERAL_CONVERSION = YES;
				CLANG_WARN_OBJC_ROOT_CLASS = YES_ERROR;
				CLANG_WARN_RANGE_LOOP_ANALYSIS = YES;
				CLANG_WARN_STRICT_PROTOTYPES = YES;
				CLANG_WARN_SUSPICIOUS_MOVE = YES;
				CLANG_WARN_UNGUARDED_AVAILABILITY = YES_AGGRESSIVE;
				CLANG_WARN_UNREACHABLE_CODE = YES;
				CLANG_WARN__DUPLICATE_METHOD_MATCH = YES;
				COPY_PHASE_STRIP = NO;
				DEBUG_INFORMATION_FORMAT = "dwarf-with-dsym";
				ENABLE_NS_ASSERTIONS = NO;
				ENABLE_STRICT_OBJC_MSGSEND = YES;
				GCC_C_LANGUAGE_STANDARD = gnu11;
				GCC_NO_COMMON_BLOCKS = YES;
				GCC_WARN_64_TO_32_BIT_CONVERSION = YES;
				GCC_WARN_ABOUT_RETURN_TYPE = YES_ERROR;
				GCC_WARN_UNDECLARED_SELECTOR = YES;
				GCC_WARN_UNINITIALIZED_AUTOS = YES_AGGRESSIVE;
				GCC_WARN_UNUSED_FUNCTION = YES;
				GCC_WARN_UNUSED_VARIABLE = YES;
				IPHONEOS_DEPLOYMENT_TARGET = 13.0;
				MTL_ENABLE_DEBUG_INFO = NO;
				MTL_FAST_MATH = YES;
				SDKROOT = iphoneos;
				SWIFT_COMPILATION_MODE = wholemodule;
				SWIFT_OPTIMIZATION_LEVEL = "-O";
				VALIDATE_PRODUCT = YES;
			};
			name = Release;
		};
		B384ADEC24733AD300D9514A /* Debug */ = {
			isa = XCBuildConfiguration;
			buildSettings = {
				ASSETCATALOG_COMPILER_APPICON_NAME = AppIcon;
				CODE_SIGN_ENTITLEMENTS = Easify/Easify.entitlements;
				CODE_SIGN_STYLE = Automatic;
				DEVELOPMENT_ASSET_PATHS = "\"Easify/Preview Content\"";
				DEVELOPMENT_TEAM = Z2EVZ5Y6JY;
				ENABLE_PREVIEWS = YES;
				INFOPLIST_FILE = "Easify/Supporting Files/Info.plist";
				LD_RUNPATH_SEARCH_PATHS = (
					"$(inherited)",
					"@executable_path/Frameworks",
				);
				PRODUCT_BUNDLE_IDENTIFIER = nl.saidozcan.Easify;
				PRODUCT_NAME = "$(TARGET_NAME)";
				SWIFT_VERSION = 5.0;
				TARGETED_DEVICE_FAMILY = "1,2";
			};
			name = Debug;
		};
		B384ADED24733AD300D9514A /* Release */ = {
			isa = XCBuildConfiguration;
			buildSettings = {
				ASSETCATALOG_COMPILER_APPICON_NAME = AppIcon;
				CODE_SIGN_ENTITLEMENTS = Easify/Easify.entitlements;
				CODE_SIGN_STYLE = Automatic;
				DEVELOPMENT_ASSET_PATHS = "\"Easify/Preview Content\"";
				DEVELOPMENT_TEAM = Z2EVZ5Y6JY;
				ENABLE_PREVIEWS = YES;
				INFOPLIST_FILE = "Easify/Supporting Files/Info.plist";
				LD_RUNPATH_SEARCH_PATHS = (
					"$(inherited)",
					"@executable_path/Frameworks",
				);
				PRODUCT_BUNDLE_IDENTIFIER = nl.saidozcan.Easify;
				PRODUCT_NAME = "$(TARGET_NAME)";
				SWIFT_VERSION = 5.0;
				TARGETED_DEVICE_FAMILY = "1,2";
			};
			name = Release;
		};
		B384ADEF24733AD300D9514A /* Debug */ = {
			isa = XCBuildConfiguration;
			buildSettings = {
				ALWAYS_EMBED_SWIFT_STANDARD_LIBRARIES = YES;
				BUNDLE_LOADER = "$(TEST_HOST)";
				CODE_SIGN_STYLE = Automatic;
				DEVELOPMENT_TEAM = Z2EVZ5Y6JY;
				INFOPLIST_FILE = "EasifyTests/Supporting Files/Info.plist";
				IPHONEOS_DEPLOYMENT_TARGET = 13.4;
				LD_RUNPATH_SEARCH_PATHS = (
					"$(inherited)",
					"@executable_path/Frameworks",
					"@loader_path/Frameworks",
				);
				PRODUCT_BUNDLE_IDENTIFIER = nl.saidozcan.EasifyTests;
				PRODUCT_NAME = "$(TARGET_NAME)";
				SWIFT_VERSION = 5.0;
				TARGETED_DEVICE_FAMILY = "1,2";
				TEST_HOST = "$(BUILT_PRODUCTS_DIR)/Easify.app/Easify";
			};
			name = Debug;
		};
		B384ADF024733AD300D9514A /* Release */ = {
			isa = XCBuildConfiguration;
			buildSettings = {
				ALWAYS_EMBED_SWIFT_STANDARD_LIBRARIES = YES;
				BUNDLE_LOADER = "$(TEST_HOST)";
				CODE_SIGN_STYLE = Automatic;
				DEVELOPMENT_TEAM = Z2EVZ5Y6JY;
				INFOPLIST_FILE = "EasifyTests/Supporting Files/Info.plist";
				IPHONEOS_DEPLOYMENT_TARGET = 13.4;
				LD_RUNPATH_SEARCH_PATHS = (
					"$(inherited)",
					"@executable_path/Frameworks",
					"@loader_path/Frameworks",
				);
				PRODUCT_BUNDLE_IDENTIFIER = nl.saidozcan.EasifyTests;
				PRODUCT_NAME = "$(TARGET_NAME)";
				SWIFT_VERSION = 5.0;
				TARGETED_DEVICE_FAMILY = "1,2";
				TEST_HOST = "$(BUILT_PRODUCTS_DIR)/Easify.app/Easify";
			};
			name = Release;
		};
/* End XCBuildConfiguration section */

/* Begin XCConfigurationList section */
		B384ADC724733AD200D9514A /* Build configuration list for PBXProject "Easify" */ = {
			isa = XCConfigurationList;
			buildConfigurations = (
				B384ADE924733AD300D9514A /* Debug */,
				B384ADEA24733AD300D9514A /* Release */,
			);
			defaultConfigurationIsVisible = 0;
			defaultConfigurationName = Release;
		};
		B384ADEB24733AD300D9514A /* Build configuration list for PBXNativeTarget "Easify" */ = {
			isa = XCConfigurationList;
			buildConfigurations = (
				B384ADEC24733AD300D9514A /* Debug */,
				B384ADED24733AD300D9514A /* Release */,
			);
			defaultConfigurationIsVisible = 0;
			defaultConfigurationName = Release;
		};
		B384ADEE24733AD300D9514A /* Build configuration list for PBXNativeTarget "EasifyTests" */ = {
			isa = XCConfigurationList;
			buildConfigurations = (
				B384ADEF24733AD300D9514A /* Debug */,
				B384ADF024733AD300D9514A /* Release */,
			);
			defaultConfigurationIsVisible = 0;
			defaultConfigurationName = Release;
		};
/* End XCConfigurationList section */
	};
	rootObject = B384ADC424733AD200D9514A /* Project object */;
}
